
Microsoft Visual Studio Solution File, Format Version 12.00
# Visual Studio 2015
Project("{FAE04EC0-301F-11D3-BF4B-00C04F79EFBC}") = "vrDemo.CSharp.Plugins", "vrDemo.CSharp.Plugins.csproj", "{08AA018E-78F7-587F-A71B-BE6702DEFA1D}"
EndProject
Project("{FAE04EC0-301F-11D3-BF4B-00C04F79EFBC}") = "vrDemo.CSharp", "vrDemo.CSharp.csproj", "{B8C9FB85-E5DE-0F11-BB0E-D0CCF28A5B86}"
EndProject
Project("{FAE04EC0-301F-11D3-BF4B-00C04F79EFBC}") = "vrDemo.CSharp.Editor", "vrDemo.CSharp.Editor.csproj", "{45CB5235-EB6B-74A3-DA86-3457E62F5724}"
EndProject
Global
	GlobalSection(SolutionConfigurationPlatforms) = preSolution
		Debug|Any CPU = Debug|Any CPU
		Release|Any CPU = Release|Any CPU
	EndGlobalSection
	GlobalSection(ProjectConfigurationPlatforms) = postSolution
		{08AA018E-78F7-587F-A71B-BE6702DEFA1D}.Debug|Any CPU.ActiveCfg = Debug|Any CPU
		{08AA018E-78F7-587F-A71B-BE6702DEFA1D}.Debug|Any CPU.Build.0 = Debug|Any CPU
		{08AA018E-78F7-587F-A71B-BE6702DEFA1D}.Release|Any CPU.ActiveCfg = Release|Any CPU
		{08AA018E-78F7-587F-A71B-BE6702DEFA1D}.Release|Any CPU.Build.0 = Release|Any CPU
		{B8C9FB85-E5DE-0F11-BB0E-D0CCF28A5B86}.Debug|Any CPU.ActiveCfg = Debug|Any CPU
		{B8C9FB85-E5DE-0F11-BB0E-D0CCF28A5B86}.Debug|Any CPU.Build.0 = Debug|Any CPU
		{B8C9FB85-E5DE-0F11-BB0E-D0CCF28A5B86}.Release|Any CPU.ActiveCfg = Release|Any CPU
		{B8C9FB85-E5DE-0F11-BB0E-D0CCF28A5B86}.Release|Any CPU.Build.0 = Release|Any CPU
		{45CB5235-EB6B-74A3-DA86-3457E62F5724}.Debug|Any CPU.ActiveCfg = Debug|Any CPU
		{45CB5235-EB6B-74A3-DA86-3457E62F5724}.Debug|Any CPU.Build.0 = Debug|Any CPU
		{45CB5235-EB6B-74A3-DA86-3457E62F5724}.Release|Any CPU.ActiveCfg = Release|Any CPU
		{45CB5235-EB6B-74A3-DA86-3457E62F5724}.Release|Any CPU.Build.0 = Release|Any CPU
	EndGlobalSection
	GlobalSection(SolutionProperties) = preSolution
		HideSolutionNode = FALSE
	EndGlobalSection
EndGlobal
